
Microsoft Visual Studio Solution File, Format Version 12.00
Project("{FAE04EC0-301F-11D3-BF4B-00C04F79EFBC}") = "YaRpgApp.Web", "YaRpgApp.Web\YaRpgApp.Web.csproj", "{7C998A35-B1D9-4468-81EA-6DFAA1FC4EB6}"
EndProject
Project("{FAE04EC0-301F-11D3-BF4B-00C04F79EFBC}") = "YaRpgApp.Core", "YaRpgApp.Core\YaRpgApp.Core.csproj", "{FD55C73B-392F-47BB-959C-8D9A46562779}"
EndProject
Project("{FAE04EC0-301F-11D3-BF4B-00C04F79EFBC}") = "YaRpgApp.Data", "YaRpgApp.Data\YaRpgApp.Data.csproj", "{F3D73DB1-1DFD-48B0-8616-4ABCB76B3762}"
EndProject
Project("{FAE04EC0-301F-11D3-BF4B-00C04F79EFBC}") = "YaRpgApp.Test", "YaRpgApp.Test\YaRpgApp.Test.csproj", "{112F9C0A-43CE-4798-B3BA-9E200A2871E6}"
EndProject
Global
	GlobalSection(SolutionConfigurationPlatforms) = preSolution
		Debug|Any CPU = Debug|Any CPU
		Release|Any CPU = Release|Any CPU
	EndGlobalSection
	GlobalSection(ProjectConfigurationPlatforms) = postSolution
		{7C998A35-B1D9-4468-81EA-6DFAA1FC4EB6}.Debug|Any CPU.ActiveCfg = Debug|Any CPU
		{7C998A35-B1D9-4468-81EA-6DFAA1FC4EB6}.Debug|Any CPU.Build.0 = Debug|Any CPU
		{7C998A35-B1D9-4468-81EA-6DFAA1FC4EB6}.Release|Any CPU.ActiveCfg = Release|Any CPU
		{7C998A35-B1D9-4468-81EA-6DFAA1FC4EB6}.Release|Any CPU.Build.0 = Release|Any CPU
		{FD55C73B-392F-47BB-959C-8D9A46562779}.Debug|Any CPU.ActiveCfg = Debug|Any CPU
		{FD55C73B-392F-47BB-959C-8D9A46562779}.Debug|Any CPU.Build.0 = Debug|Any CPU
		{FD55C73B-392F-47BB-959C-8D9A46562779}.Release|Any CPU.ActiveCfg = Release|Any CPU
		{FD55C73B-392F-47BB-959C-8D9A46562779}.Release|Any CPU.Build.0 = Release|Any CPU
		{F3D73DB1-1DFD-48B0-8616-4ABCB76B3762}.Debug|Any CPU.ActiveCfg = Debug|Any CPU
		{F3D73DB1-1DFD-48B0-8616-4ABCB76B3762}.Debug|Any CPU.Build.0 = Debug|Any CPU
		{F3D73DB1-1DFD-48B0-8616-4ABCB76B3762}.Release|Any CPU.ActiveCfg = Release|Any CPU
		{F3D73DB1-1DFD-48B0-8616-4ABCB76B3762}.Release|Any CPU.Build.0 = Release|Any CPU
		{112F9C0A-43CE-4798-B3BA-9E200A2871E6}.Debug|Any CPU.ActiveCfg = Debug|Any CPU
		{112F9C0A-43CE-4798-B3BA-9E200A2871E6}.Debug|Any CPU.Build.0 = Debug|Any CPU
		{112F9C0A-43CE-4798-B3BA-9E200A2871E6}.Release|Any CPU.ActiveCfg = Release|Any CPU
		{112F9C0A-43CE-4798-B3BA-9E200A2871E6}.Release|Any CPU.Build.0 = Release|Any CPU
	EndGlobalSection
EndGlobal
